
Microsoft Visual Studio Solution File, Format Version 12.00
# Visual Studio Version 17
VisualStudioVersion = 17.2.32630.192
MinimumVisualStudioVersion = 10.0.40219.1
Project("{FAE04EC0-301F-11D3-BF4B-00C04F79EFBC}") = "Lesson1hw", "Lesson1hw\Lesson1hw.csproj", "{F46B9F3C-6F43-4E41-A988-727A0027565F}"
EndProject
Global
	GlobalSection(SolutionConfigurationPlatforms) = preSolution
		Debug|Any CPU = Debug|Any CPU
		Release|Any CPU = Release|Any CPU
	EndGlobalSection
	GlobalSection(ProjectConfigurationPlatforms) = postSolution
		{F46B9F3C-6F43-4E41-A988-727A0027565F}.Debug|Any CPU.ActiveCfg = Debug|Any CPU
		{F46B9F3C-6F43-4E41-A988-727A0027565F}.Debug|Any CPU.Build.0 = Debug|Any CPU
		{F46B9F3C-6F43-4E41-A988-727A0027565F}.Release|Any CPU.ActiveCfg = Release|Any CPU
		{F46B9F3C-6F43-4E41-A988-727A0027565F}.Release|Any CPU.Build.0 = Release|Any CPU
	EndGlobalSection
	GlobalSection(SolutionProperties) = preSolution
		HideSolutionNode = FALSE
	EndGlobalSection
	GlobalSection(ExtensibilityGlobals) = postSolution
		SolutionGuid = {01152E77-6612-4B18-BC57-3613CDEF6A55}
	EndGlobalSection
EndGlobal
